// !$*UTF8*$!
{
	archiveVersion = 1;
	classes = {
	};
	objectVersion = 46;
	objects = {

/* Begin PBXBuildFile section */
		A60104FF1CBF7BC900331B49 /* UIColorExtension.swift in Sources */ = {isa = PBXBuildFile; fileRef = A60104FE1CBF7BC900331B49 /* UIColorExtension.swift */; };
		A607C9741CC15B3A00F59785 /* DetailContactViewController.swift in Sources */ = {isa = PBXBuildFile; fileRef = A607C9731CC15B3A00F59785 /* DetailContactViewController.swift */; };
		A607C9761CC16DB900F59785 /* ContactDetailSameTableViewCell.swift in Sources */ = {isa = PBXBuildFile; fileRef = A607C9751CC16DB900F59785 /* ContactDetailSameTableViewCell.swift */; };
		A607C9781CC16DD300F59785 /* SameCarrierTableViewCell.xib in Resources */ = {isa = PBXBuildFile; fileRef = A607C9771CC16DD300F59785 /* SameCarrierTableViewCell.xib */; };
		A607DCB21D004589004DFE88 /* ProfileDetailHeaderTableView.swift in Sources */ = {isa = PBXBuildFile; fileRef = A607DCB11D004589004DFE88 /* ProfileDetailHeaderTableView.swift */; };
		A607DCB41D004ACD004DFE88 /* ProfileDetailHeaderView.xib in Resources */ = {isa = PBXBuildFile; fileRef = A607DCB31D004ACD004DFE88 /* ProfileDetailHeaderView.xib */; };
		A60A1B941D06AACD00393341 /* DeviceHelper.swift in Sources */ = {isa = PBXBuildFile; fileRef = A60A1B931D06AACD00393341 /* DeviceHelper.swift */; };
		A60A1B981D06BBF600393341 /* SearchContactTableViewCell.swift in Sources */ = {isa = PBXBuildFile; fileRef = A60A1B961D06BBF600393341 /* SearchContactTableViewCell.swift */; };
		A60A1B991D06BBF600393341 /* SearchContactTableViewCell.xib in Resources */ = {isa = PBXBuildFile; fileRef = A60A1B971D06BBF600393341 /* SearchContactTableViewCell.xib */; };
		A60A1B9B1D06BED700393341 /* ContactSearchModel.swift in Sources */ = {isa = PBXBuildFile; fileRef = A60A1B9A1D06BED700393341 /* ContactSearchModel.swift */; };
		A63237621D0AD841001737B7 /* SettingNessaryCell.swift in Sources */ = {isa = PBXBuildFile; fileRef = A63237611D0AD841001737B7 /* SettingNessaryCell.swift */; };
		A63237641D0BE248001737B7 /* UIViewControllerExtension.swift in Sources */ = {isa = PBXBuildFile; fileRef = A63237631D0BE248001737B7 /* UIViewControllerExtension.swift */; };
		A6323C661D0194FB0086D821 /* ContactDetailModel.swift in Sources */ = {isa = PBXBuildFile; fileRef = A6323C651D0194FB0086D821 /* ContactDetailModel.swift */; };
		A6323C681D0562CC0086D821 /* KeypadViewController.swift in Sources */ = {isa = PBXBuildFile; fileRef = A6323C671D0562CC0086D821 /* KeypadViewController.swift */; };
		A6323C6D1D0576310086D821 /* ContactDetailDifferentTableViewCell.swift in Sources */ = {isa = PBXBuildFile; fileRef = A6323C6B1D0576310086D821 /* ContactDetailDifferentTableViewCell.swift */; };
		A6323C6E1D0576310086D821 /* DifferentTableViewCell.xib in Resources */ = {isa = PBXBuildFile; fileRef = A6323C6C1D0576310086D821 /* DifferentTableViewCell.xib */; };
		A63931DE1CC256A80032319B /* ProfileDetailTableViewCell.swift in Sources */ = {isa = PBXBuildFile; fileRef = A63931DD1CC256A80032319B /* ProfileDetailTableViewCell.swift */; };
		A63931E11CC27FC40032319B /* UIViewExtension.swift in Sources */ = {isa = PBXBuildFile; fileRef = A63931E01CC27FC40032319B /* UIViewExtension.swift */; };
		A63931E31CC3D0C90032319B /* EmailContactDetailView.swift in Sources */ = {isa = PBXBuildFile; fileRef = A63931E21CC3D0C90032319B /* EmailContactDetailView.swift */; };
		A63931E51CC3D0DE0032319B /* EmailContactDetailView.xib in Resources */ = {isa = PBXBuildFile; fileRef = A63931E41CC3D0DE0032319B /* EmailContactDetailView.xib */; };
		A64117F91D10D3EF00C5D9DD /* NecessaryNumberCell.swift in Sources */ = {isa = PBXBuildFile; fileRef = A64117F81D10D3EF00C5D9DD /* NecessaryNumberCell.swift */; };
		A64C013B1CBBEC2700842DC0 /* AppDelegate.swift in Sources */ = {isa = PBXBuildFile; fileRef = A64C013A1CBBEC2700842DC0 /* AppDelegate.swift */; };
		A64C01401CBBEC2700842DC0 /* Main.storyboard in Resources */ = {isa = PBXBuildFile; fileRef = A64C013E1CBBEC2700842DC0 /* Main.storyboard */; };
		A64C01421CBBEC2700842DC0 /* Assets.xcassets in Resources */ = {isa = PBXBuildFile; fileRef = A64C01411CBBEC2700842DC0 /* Assets.xcassets */; };
		A64C01451CBBEC2700842DC0 /* LaunchScreen.storyboard in Resources */ = {isa = PBXBuildFile; fileRef = A64C01431CBBEC2700842DC0 /* LaunchScreen.storyboard */; };
		A64C01501CBBEC2700842DC0 /* ContactTests.swift in Sources */ = {isa = PBXBuildFile; fileRef = A64C014F1CBBEC2700842DC0 /* ContactTests.swift */; };
		A64C015B1CBBEC2700842DC0 /* ContactUITests.swift in Sources */ = {isa = PBXBuildFile; fileRef = A64C015A1CBBEC2700842DC0 /* ContactUITests.swift */; };
		A64C016D1CBBF12500842DC0 /* ContactsViewController.swift in Sources */ = {isa = PBXBuildFile; fileRef = A64C016C1CBBF12500842DC0 /* ContactsViewController.swift */; };
		A64C01711CBBF31D00842DC0 /* ContactTableViewCell.swift in Sources */ = {isa = PBXBuildFile; fileRef = A64C016F1CBBF31D00842DC0 /* ContactTableViewCell.swift */; };
		A64C01721CBBF31D00842DC0 /* ContactTableViewCell.xib in Resources */ = {isa = PBXBuildFile; fileRef = A64C01701CBBF31D00842DC0 /* ContactTableViewCell.xib */; };
		A64C01741CBBFA6A00842DC0 /* Define.swift in Sources */ = {isa = PBXBuildFile; fileRef = A64C01731CBBFA6A00842DC0 /* Define.swift */; };
		A64C01771CBCAA6100842DC0 /* ContactModel.swift in Sources */ = {isa = PBXBuildFile; fileRef = A64C01761CBCAA6100842DC0 /* ContactModel.swift */; };
		A64C017A1CBCD27F00842DC0 /* ContactHelper.swift in Sources */ = {isa = PBXBuildFile; fileRef = A64C01791CBCD27F00842DC0 /* ContactHelper.swift */; };
		A64C017C1CBD4FA800842DC0 /* CoreTelephony.framework in Frameworks */ = {isa = PBXBuildFile; fileRef = A64C017B1CBD4FA800842DC0 /* CoreTelephony.framework */; };
		A64C01801CBEAC5D00842DC0 /* FastCallingTableViewCell.swift in Sources */ = {isa = PBXBuildFile; fileRef = A64C017F1CBEAC5D00842DC0 /* FastCallingTableViewCell.swift */; };
		A64C01831CBEAC8F00842DC0 /* FastCallingViewController.swift in Sources */ = {isa = PBXBuildFile; fileRef = A64C01821CBEAC8F00842DC0 /* FastCallingViewController.swift */; };
		A67F8C3E1D094AB700011198 /* SettingViewController.swift in Sources */ = {isa = PBXBuildFile; fileRef = A67F8C3D1D094AB700011198 /* SettingViewController.swift */; };
		A6B112DD1CFEC75300BD0062 /* MyTabBarController.swift in Sources */ = {isa = PBXBuildFile; fileRef = A6B112DC1CFEC75300BD0062 /* MyTabBarController.swift */; };
		A6EEEA701D1264770068D665 /* NecessaryNumberChoiceCity.xib in Resources */ = {isa = PBXBuildFile; fileRef = A6EEEA6F1D1264770068D665 /* NecessaryNumberChoiceCity.xib */; };
		A6EEEA721D1265410068D665 /* NecessaryNumberChoiceCity.swift in Sources */ = {isa = PBXBuildFile; fileRef = A6EEEA711D1265410068D665 /* NecessaryNumberChoiceCity.swift */; };
		A6F5F5391D0FE6A90081DE91 /* NecessaryCallViewController.swift in Sources */ = {isa = PBXBuildFile; fileRef = A6F5F5381D0FE6A90081DE91 /* NecessaryCallViewController.swift */; };
		A6F5F53D1D0FFAF60081DE91 /* necessaryNumber.json in Resources */ = {isa = PBXBuildFile; fileRef = A6F5F53C1D0FFAF60081DE91 /* necessaryNumber.json */; };
		A6F5F5401D0FFB610081DE91 /* NecessaryNumberItem.swift in Sources */ = {isa = PBXBuildFile; fileRef = A6F5F53F1D0FFB610081DE91 /* NecessaryNumberItem.swift */; };
		A6F5F5421D0FFC3E0081DE91 /* NecessaryNumberCategory.swift in Sources */ = {isa = PBXBuildFile; fileRef = A6F5F5411D0FFC3E0081DE91 /* NecessaryNumberCategory.swift */; };
		A6F5F5441D0FFC810081DE91 /* NecessaryNumberCountry.swift in Sources */ = {isa = PBXBuildFile; fileRef = A6F5F5431D0FFC810081DE91 /* NecessaryNumberCountry.swift */; };
		A6F5F5491D103AE00081DE91 /* HeaderNecessaryTableView.swift in Sources */ = {isa = PBXBuildFile; fileRef = A6F5F5481D103AE00081DE91 /* HeaderNecessaryTableView.swift */; };
		A6F5F54B1D103B660081DE91 /* HeaderNecessaryTableView.xib in Resources */ = {isa = PBXBuildFile; fileRef = A6F5F54A1D103B660081DE91 /* HeaderNecessaryTableView.xib */; };
/* End PBXBuildFile section */

/* Begin PBXContainerItemProxy section */
		A64C014C1CBBEC2700842DC0 /* PBXContainerItemProxy */ = {
			isa = PBXContainerItemProxy;
			containerPortal = A64C012F1CBBEC2700842DC0 /* Project object */;
			proxyType = 1;
			remoteGlobalIDString = A64C01361CBBEC2700842DC0;
			remoteInfo = Contact;
		};
		A64C01571CBBEC2700842DC0 /* PBXContainerItemProxy */ = {
			isa = PBXContainerItemProxy;
			containerPortal = A64C012F1CBBEC2700842DC0 /* Project object */;
			proxyType = 1;
			remoteGlobalIDString = A64C01361CBBEC2700842DC0;
			remoteInfo = Contact;
		};
/* End PBXContainerItemProxy section */

/* Begin PBXFileReference section */
		A60104FE1CBF7BC900331B49 /* UIColorExtension.swift */ = {isa = PBXFileReference; fileEncoding = 4; lastKnownFileType = sourcecode.swift; path = UIColorExtension.swift; sourceTree = "<group>"; };
		A607C9731CC15B3A00F59785 /* DetailContactViewController.swift */ = {isa = PBXFileReference; fileEncoding = 4; lastKnownFileType = sourcecode.swift; name = DetailContactViewController.swift; path = Controller/DetailContactViewController.swift; sourceTree = "<group>"; };
		A607C9751CC16DB900F59785 /* ContactDetailSameTableViewCell.swift */ = {isa = PBXFileReference; fileEncoding = 4; lastKnownFileType = sourcecode.swift; name = ContactDetailSameTableViewCell.swift; path = View/ContactDetailSameTableViewCell.swift; sourceTree = "<group>"; };
		A607C9771CC16DD300F59785 /* SameCarrierTableViewCell.xib */ = {isa = PBXFileReference; fileEncoding = 4; lastKnownFileType = file.xib; name = SameCarrierTableViewCell.xib; path = View/SameCarrierTableViewCell.xib; sourceTree = "<group>"; };
		A607DCB11D004589004DFE88 /* ProfileDetailHeaderTableView.swift */ = {isa = PBXFileReference; fileEncoding = 4; lastKnownFileType = sourcecode.swift; name = ProfileDetailHeaderTableView.swift; path = View/ProfileDetailHeaderTableView.swift; sourceTree = "<group>"; };
		A607DCB31D004ACD004DFE88 /* ProfileDetailHeaderView.xib */ = {isa = PBXFileReference; fileEncoding = 4; lastKnownFileType = file.xib; name = ProfileDetailHeaderView.xib; path = View/ProfileDetailHeaderView.xib; sourceTree = "<group>"; };
		A60A1B931D06AACD00393341 /* DeviceHelper.swift */ = {isa = PBXFileReference; fileEncoding = 4; lastKnownFileType = sourcecode.swift; name = DeviceHelper.swift; path = Helper/DeviceHelper.swift; sourceTree = "<group>"; };
		A60A1B961D06BBF600393341 /* SearchContactTableViewCell.swift */ = {isa = PBXFileReference; fileEncoding = 4; lastKnownFileType = sourcecode.swift; name = SearchContactTableViewCell.swift; path = View/SearchContactTableViewCell.swift; sourceTree = "<group>"; };
		A60A1B971D06BBF600393341 /* SearchContactTableViewCell.xib */ = {isa = PBXFileReference; fileEncoding = 4; lastKnownFileType = file.xib; name = SearchContactTableViewCell.xib; path = View/SearchContactTableViewCell.xib; sourceTree = "<group>"; };
		A60A1B9A1D06BED700393341 /* ContactSearchModel.swift */ = {isa = PBXFileReference; fileEncoding = 4; lastKnownFileType = sourcecode.swift; name = ContactSearchModel.swift; path = Model/ContactSearchModel.swift; sourceTree = "<group>"; };
		A63237611D0AD841001737B7 /* SettingNessaryCell.swift */ = {isa = PBXFileReference; fileEncoding = 4; lastKnownFileType = sourcecode.swift; name = SettingNessaryCell.swift; path = View/SettingNessaryCell.swift; sourceTree = "<group>"; };
		A63237631D0BE248001737B7 /* UIViewControllerExtension.swift */ = {isa = PBXFileReference; fileEncoding = 4; lastKnownFileType = sourcecode.swift; name = UIViewControllerExtension.swift; path = Utility/UIViewControllerExtension.swift; sourceTree = "<group>"; };
		A6323C651D0194FB0086D821 /* ContactDetailModel.swift */ = {isa = PBXFileReference; fileEncoding = 4; lastKnownFileType = sourcecode.swift; name = ContactDetailModel.swift; path = Model/ContactDetailModel.swift; sourceTree = "<group>"; };
		A6323C671D0562CC0086D821 /* KeypadViewController.swift */ = {isa = PBXFileReference; fileEncoding = 4; lastKnownFileType = sourcecode.swift; name = KeypadViewController.swift; path = Controller/KeypadViewController.swift; sourceTree = "<group>"; };
		A6323C6B1D0576310086D821 /* ContactDetailDifferentTableViewCell.swift */ = {isa = PBXFileReference; fileEncoding = 4; lastKnownFileType = sourcecode.swift; name = ContactDetailDifferentTableViewCell.swift; path = View/ContactDetailDifferentTableViewCell.swift; sourceTree = "<group>"; };
		A6323C6C1D0576310086D821 /* DifferentTableViewCell.xib */ = {isa = PBXFileReference; fileEncoding = 4; lastKnownFileType = file.xib; name = DifferentTableViewCell.xib; path = View/DifferentTableViewCell.xib; sourceTree = "<group>"; };
		A63931DD1CC256A80032319B /* ProfileDetailTableViewCell.swift */ = {isa = PBXFileReference; fileEncoding = 4; lastKnownFileType = sourcecode.swift; name = ProfileDetailTableViewCell.swift; path = View/ProfileDetailTableViewCell.swift; sourceTree = "<group>"; };
		A63931E01CC27FC40032319B /* UIViewExtension.swift */ = {isa = PBXFileReference; fileEncoding = 4; lastKnownFileType = sourcecode.swift; name = UIViewExtension.swift; path = Utility/UIViewExtension.swift; sourceTree = "<group>"; };
		A63931E21CC3D0C90032319B /* EmailContactDetailView.swift */ = {isa = PBXFileReference; fileEncoding = 4; lastKnownFileType = sourcecode.swift; name = EmailContactDetailView.swift; path = View/EmailContactDetailView.swift; sourceTree = "<group>"; };
		A63931E41CC3D0DE0032319B /* EmailContactDetailView.xib */ = {isa = PBXFileReference; fileEncoding = 4; lastKnownFileType = file.xib; name = EmailContactDetailView.xib; path = View/EmailContactDetailView.xib; sourceTree = "<group>"; };
		A64117F81D10D3EF00C5D9DD /* NecessaryNumberCell.swift */ = {isa = PBXFileReference; fileEncoding = 4; lastKnownFileType = sourcecode.swift; name = NecessaryNumberCell.swift; path = View/NecessaryNumberCell.swift; sourceTree = "<group>"; };
		A64C01371CBBEC2700842DC0 /* Contact.app */ = {isa = PBXFileReference; explicitFileType = wrapper.application; includeInIndex = 0; path = Contact.app; sourceTree = BUILT_PRODUCTS_DIR; };
		A64C013A1CBBEC2700842DC0 /* AppDelegate.swift */ = {isa = PBXFileReference; lastKnownFileType = sourcecode.swift; path = AppDelegate.swift; sourceTree = "<group>"; };
		A64C013F1CBBEC2700842DC0 /* Base */ = {isa = PBXFileReference; lastKnownFileType = file.storyboard; name = Base; path = Base.lproj/Main.storyboard; sourceTree = "<group>"; };
		A64C01411CBBEC2700842DC0 /* Assets.xcassets */ = {isa = PBXFileReference; lastKnownFileType = folder.assetcatalog; path = Assets.xcassets; sourceTree = "<group>"; };
		A64C01441CBBEC2700842DC0 /* Base */ = {isa = PBXFileReference; lastKnownFileType = file.storyboard; name = Base; path = Base.lproj/LaunchScreen.storyboard; sourceTree = "<group>"; };
		A64C01461CBBEC2700842DC0 /* Info.plist */ = {isa = PBXFileReference; lastKnownFileType = text.plist.xml; path = Info.plist; sourceTree = "<group>"; };
		A64C014B1CBBEC2700842DC0 /* ContactTests.xctest */ = {isa = PBXFileReference; explicitFileType = wrapper.cfbundle; includeInIndex = 0; path = ContactTests.xctest; sourceTree = BUILT_PRODUCTS_DIR; };
		A64C014F1CBBEC2700842DC0 /* ContactTests.swift */ = {isa = PBXFileReference; lastKnownFileType = sourcecode.swift; path = ContactTests.swift; sourceTree = "<group>"; };
		A64C01511CBBEC2700842DC0 /* Info.plist */ = {isa = PBXFileReference; lastKnownFileType = text.plist.xml; path = Info.plist; sourceTree = "<group>"; };
		A64C01561CBBEC2700842DC0 /* ContactUITests.xctest */ = {isa = PBXFileReference; explicitFileType = wrapper.cfbundle; includeInIndex = 0; path = ContactUITests.xctest; sourceTree = BUILT_PRODUCTS_DIR; };
		A64C015A1CBBEC2700842DC0 /* ContactUITests.swift */ = {isa = PBXFileReference; lastKnownFileType = sourcecode.swift; path = ContactUITests.swift; sourceTree = "<group>"; };
		A64C015C1CBBEC2700842DC0 /* Info.plist */ = {isa = PBXFileReference; lastKnownFileType = text.plist.xml; path = Info.plist; sourceTree = "<group>"; };
		A64C016C1CBBF12500842DC0 /* ContactsViewController.swift */ = {isa = PBXFileReference; fileEncoding = 4; lastKnownFileType = sourcecode.swift; name = ContactsViewController.swift; path = Controller/ContactsViewController.swift; sourceTree = "<group>"; };
		A64C016F1CBBF31D00842DC0 /* ContactTableViewCell.swift */ = {isa = PBXFileReference; fileEncoding = 4; lastKnownFileType = sourcecode.swift; name = ContactTableViewCell.swift; path = View/ContactTableViewCell.swift; sourceTree = "<group>"; };
		A64C01701CBBF31D00842DC0 /* ContactTableViewCell.xib */ = {isa = PBXFileReference; fileEncoding = 4; lastKnownFileType = file.xib; name = ContactTableViewCell.xib; path = View/ContactTableViewCell.xib; sourceTree = "<group>"; };
		A64C01731CBBFA6A00842DC0 /* Define.swift */ = {isa = PBXFileReference; fileEncoding = 4; lastKnownFileType = sourcecode.swift; name = Define.swift; path = Support/Define.swift; sourceTree = "<group>"; };
		A64C01761CBCAA6100842DC0 /* ContactModel.swift */ = {isa = PBXFileReference; fileEncoding = 4; lastKnownFileType = sourcecode.swift; name = ContactModel.swift; path = Model/ContactModel.swift; sourceTree = "<group>"; };
		A64C01791CBCD27F00842DC0 /* ContactHelper.swift */ = {isa = PBXFileReference; fileEncoding = 4; lastKnownFileType = sourcecode.swift; name = ContactHelper.swift; path = Helper/ContactHelper.swift; sourceTree = "<group>"; };
		A64C017B1CBD4FA800842DC0 /* CoreTelephony.framework */ = {isa = PBXFileReference; lastKnownFileType = wrapper.framework; name = CoreTelephony.framework; path = System/Library/Frameworks/CoreTelephony.framework; sourceTree = SDKROOT; };
		A64C017F1CBEAC5D00842DC0 /* FastCallingTableViewCell.swift */ = {isa = PBXFileReference; fileEncoding = 4; lastKnownFileType = sourcecode.swift; name = FastCallingTableViewCell.swift; path = View/FastCallingTableViewCell.swift; sourceTree = "<group>"; };
		A64C01821CBEAC8F00842DC0 /* FastCallingViewController.swift */ = {isa = PBXFileReference; fileEncoding = 4; lastKnownFileType = sourcecode.swift; name = FastCallingViewController.swift; path = Controller/FastCallingViewController.swift; sourceTree = "<group>"; };
		A67F8C3D1D094AB700011198 /* SettingViewController.swift */ = {isa = PBXFileReference; fileEncoding = 4; lastKnownFileType = sourcecode.swift; name = SettingViewController.swift; path = Controller/SettingViewController.swift; sourceTree = "<group>"; };
		A6B112DC1CFEC75300BD0062 /* MyTabBarController.swift */ = {isa = PBXFileReference; fileEncoding = 4; lastKnownFileType = sourcecode.swift; name = MyTabBarController.swift; path = Controller/MyTabBarController.swift; sourceTree = "<group>"; };
		A6EEEA6F1D1264770068D665 /* NecessaryNumberChoiceCity.xib */ = {isa = PBXFileReference; fileEncoding = 4; lastKnownFileType = file.xib; name = NecessaryNumberChoiceCity.xib; path = View/NecessaryNumberChoiceCity.xib; sourceTree = "<group>"; };
		A6EEEA711D1265410068D665 /* NecessaryNumberChoiceCity.swift */ = {isa = PBXFileReference; fileEncoding = 4; lastKnownFileType = sourcecode.swift; name = NecessaryNumberChoiceCity.swift; path = View/NecessaryNumberChoiceCity.swift; sourceTree = "<group>"; };
		A6F5F5381D0FE6A90081DE91 /* NecessaryCallViewController.swift */ = {isa = PBXFileReference; fileEncoding = 4; lastKnownFileType = sourcecode.swift; name = NecessaryCallViewController.swift; path = Controller/NecessaryCallViewController.swift; sourceTree = "<group>"; };
		A6F5F53C1D0FFAF60081DE91 /* necessaryNumber.json */ = {isa = PBXFileReference; fileEncoding = 4; lastKnownFileType = text.json; path = necessaryNumber.json; sourceTree = "<group>"; };
		A6F5F53F1D0FFB610081DE91 /* NecessaryNumberItem.swift */ = {isa = PBXFileReference; fileEncoding = 4; lastKnownFileType = sourcecode.swift; name = NecessaryNumberItem.swift; path = Model/Setting/NecessaryNumber/NecessaryNumberItem.swift; sourceTree = "<group>"; };
		A6F5F5411D0FFC3E0081DE91 /* NecessaryNumberCategory.swift */ = {isa = PBXFileReference; fileEncoding = 4; lastKnownFileType = sourcecode.swift; name = NecessaryNumberCategory.swift; path = Model/Setting/NecessaryNumber/NecessaryNumberCategory.swift; sourceTree = "<group>"; };
		A6F5F5431D0FFC810081DE91 /* NecessaryNumberCountry.swift */ = {isa = PBXFileReference; fileEncoding = 4; lastKnownFileType = sourcecode.swift; name = NecessaryNumberCountry.swift; path = Model/Setting/NecessaryNumber/NecessaryNumberCountry.swift; sourceTree = "<group>"; };
		A6F5F5481D103AE00081DE91 /* HeaderNecessaryTableView.swift */ = {isa = PBXFileReference; fileEncoding = 4; lastKnownFileType = sourcecode.swift; name = HeaderNecessaryTableView.swift; path = View/HeaderNecessaryTableView.swift; sourceTree = "<group>"; };
		A6F5F54A1D103B660081DE91 /* HeaderNecessaryTableView.xib */ = {isa = PBXFileReference; fileEncoding = 4; lastKnownFileType = file.xib; name = HeaderNecessaryTableView.xib; path = View/HeaderNecessaryTableView.xib; sourceTree = "<group>"; };
/* End PBXFileReference section */

/* Begin PBXFrameworksBuildPhase section */
		A64C01341CBBEC2700842DC0 /* Frameworks */ = {
			isa = PBXFrameworksBuildPhase;
			buildActionMask = 2147483647;
			files = (
				A64C017C1CBD4FA800842DC0 /* CoreTelephony.framework in Frameworks */,
			);
			runOnlyForDeploymentPostprocessing = 0;
		};
		A64C01481CBBEC2700842DC0 /* Frameworks */ = {
			isa = PBXFrameworksBuildPhase;
			buildActionMask = 2147483647;
			files = (
			);
			runOnlyForDeploymentPostprocessing = 0;
		};
		A64C01531CBBEC2700842DC0 /* Frameworks */ = {
			isa = PBXFrameworksBuildPhase;
			buildActionMask = 2147483647;
			files = (
			);
			runOnlyForDeploymentPostprocessing = 0;
		};
/* End PBXFrameworksBuildPhase section */

/* Begin PBXGroup section */
		A60104FD1CBF7BA800331B49 /* Utility */ = {
			isa = PBXGroup;
			children = (
				A60104FE1CBF7BC900331B49 /* UIColorExtension.swift */,
				A63931E01CC27FC40032319B /* UIViewExtension.swift */,
				A63237631D0BE248001737B7 /* UIViewControllerExtension.swift */,
			);
			name = Utility;
			sourceTree = "<group>";
		};
		A60A1B951D06B92300393341 /* Keypad */ = {
			isa = PBXGroup;
			children = (
				A60A1B961D06BBF600393341 /* SearchContactTableViewCell.swift */,
				A60A1B971D06BBF600393341 /* SearchContactTableViewCell.xib */,
			);
			name = Keypad;
			sourceTree = "<group>";
		};
		A63237601D0AD824001737B7 /* Setting */ = {
			isa = PBXGroup;
			children = (
				A63237611D0AD841001737B7 /* SettingNessaryCell.swift */,
				A6F5F5481D103AE00081DE91 /* HeaderNecessaryTableView.swift */,
				A6F5F54A1D103B660081DE91 /* HeaderNecessaryTableView.xib */,
				A64117F81D10D3EF00C5D9DD /* NecessaryNumberCell.swift */,
				A6EEEA6F1D1264770068D665 /* NecessaryNumberChoiceCity.xib */,
				A6EEEA711D1265410068D665 /* NecessaryNumberChoiceCity.swift */,
			);
			name = Setting;
			sourceTree = "<group>";
		};
		A63931DC1CC245E20032319B /* Contact */ = {
			isa = PBXGroup;
			children = (
				A63237601D0AD824001737B7 /* Setting */,
				A69450601D0162EA00AEBE05 /* List */,
				A694505F1D0162DD00AEBE05 /* Detail */,
				A60A1B951D06B92300393341 /* Keypad */,
			);
			name = Contact;
			sourceTree = "<group>";
		};
		A64C012E1CBBEC2700842DC0 = {
			isa = PBXGroup;
			children = (
				A64C017D1CBE912400842DC0 /* Framework */,
				A64C01391CBBEC2700842DC0 /* Contact */,
				A64C014E1CBBEC2700842DC0 /* ContactTests */,
				A64C01591CBBEC2700842DC0 /* ContactUITests */,
				A64C01381CBBEC2700842DC0 /* Products */,
			);
			sourceTree = "<group>";
		};
		A64C01381CBBEC2700842DC0 /* Products */ = {
			isa = PBXGroup;
			children = (
				A64C01371CBBEC2700842DC0 /* Contact.app */,
				A64C014B1CBBEC2700842DC0 /* ContactTests.xctest */,
				A64C01561CBBEC2700842DC0 /* ContactUITests.xctest */,
			);
			name = Products;
			sourceTree = "<group>";
		};
		A64C01391CBBEC2700842DC0 /* Contact */ = {
			isa = PBXGroup;
			children = (
				A64C01751CBCA64700842DC0 /* Model */,
				A64C016E1CBBF28000842DC0 /* View */,
				A64C01691CBBEC4100842DC0 /* Controller */,
				A64C01781CBCD07900842DC0 /* Helper */,
				A64C01681CBBEC3700842DC0 /* AppDelegate */,
				A60104FD1CBF7BA800331B49 /* Utility */,
				A64C016A1CBBEC4B00842DC0 /* StoryBoard */,
				A64C016B1CBBEC5C00842DC0 /* Support */,
				A64C01411CBBEC2700842DC0 /* Assets.xcassets */,
			);
			path = Contact;
			sourceTree = "<group>";
		};
		A64C014E1CBBEC2700842DC0 /* ContactTests */ = {
			isa = PBXGroup;
			children = (
				A64C014F1CBBEC2700842DC0 /* ContactTests.swift */,
				A64C01511CBBEC2700842DC0 /* Info.plist */,
			);
			path = ContactTests;
			sourceTree = "<group>";
		};
		A64C01591CBBEC2700842DC0 /* ContactUITests */ = {
			isa = PBXGroup;
			children = (
				A64C015A1CBBEC2700842DC0 /* ContactUITests.swift */,
				A64C015C1CBBEC2700842DC0 /* Info.plist */,
			);
			path = ContactUITests;
			sourceTree = "<group>";
		};
		A64C01681CBBEC3700842DC0 /* AppDelegate */ = {
			isa = PBXGroup;
			children = (
				A64C013A1CBBEC2700842DC0 /* AppDelegate.swift */,
			);
			name = AppDelegate;
			sourceTree = "<group>";
		};
		A64C01691CBBEC4100842DC0 /* Controller */ = {
			isa = PBXGroup;
			children = (
				A6B112DC1CFEC75300BD0062 /* MyTabBarController.swift */,
				A64C01811CBEAC6F00842DC0 /* Contact */,
			);
			name = Controller;
			sourceTree = "<group>";
		};
		A64C016A1CBBEC4B00842DC0 /* StoryBoard */ = {
			isa = PBXGroup;
			children = (
				A64C01431CBBEC2700842DC0 /* LaunchScreen.storyboard */,
				A64C013E1CBBEC2700842DC0 /* Main.storyboard */,
			);
			name = StoryBoard;
			sourceTree = "<group>";
		};
		A64C016B1CBBEC5C00842DC0 /* Support */ = {
			isa = PBXGroup;
			children = (
				A64C01461CBBEC2700842DC0 /* Info.plist */,
				A64C01731CBBFA6A00842DC0 /* Define.swift */,
				A6F5F53C1D0FFAF60081DE91 /* necessaryNumber.json */,
			);
			name = Support;
			sourceTree = "<group>";
		};
		A64C016E1CBBF28000842DC0 /* View */ = {
			isa = PBXGroup;
			children = (
				A63931DC1CC245E20032319B /* Contact */,
			);
			name = View;
			sourceTree = "<group>";
		};
		A64C01751CBCA64700842DC0 /* Model */ = {
			isa = PBXGroup;
			children = (
				A6F5F53E1D0FFB2E0081DE91 /* NecessaryNumber */,
				A64C01761CBCAA6100842DC0 /* ContactModel.swift */,
				A6323C651D0194FB0086D821 /* ContactDetailModel.swift */,
				A60A1B9A1D06BED700393341 /* ContactSearchModel.swift */,
			);
			name = Model;
			sourceTree = "<group>";
		};
		A64C01781CBCD07900842DC0 /* Helper */ = {
			isa = PBXGroup;
			children = (
				A64C01791CBCD27F00842DC0 /* ContactHelper.swift */,
				A60A1B931D06AACD00393341 /* DeviceHelper.swift */,
			);
			name = Helper;
			sourceTree = "<group>";
		};
		A64C017D1CBE912400842DC0 /* Framework */ = {
			isa = PBXGroup;
			children = (
				A64C017B1CBD4FA800842DC0 /* CoreTelephony.framework */,
			);
			name = Framework;
			sourceTree = "<group>";
		};
		A64C01811CBEAC6F00842DC0 /* Contact */ = {
			isa = PBXGroup;
			children = (
				A64C016C1CBBF12500842DC0 /* ContactsViewController.swift */,
				A64C01821CBEAC8F00842DC0 /* FastCallingViewController.swift */,
				A607C9731CC15B3A00F59785 /* DetailContactViewController.swift */,
				A6323C671D0562CC0086D821 /* KeypadViewController.swift */,
				A67F8C3D1D094AB700011198 /* SettingViewController.swift */,
				A6F5F5381D0FE6A90081DE91 /* NecessaryCallViewController.swift */,
			);
			name = Contact;
			sourceTree = "<group>";
		};
		A694505F1D0162DD00AEBE05 /* Detail */ = {
			isa = PBXGroup;
			children = (
				A63931DD1CC256A80032319B /* ProfileDetailTableViewCell.swift */,
				A607C9751CC16DB900F59785 /* ContactDetailSameTableViewCell.swift */,
				A607C9771CC16DD300F59785 /* SameCarrierTableViewCell.xib */,
				A6323C6B1D0576310086D821 /* ContactDetailDifferentTableViewCell.swift */,
				A6323C6C1D0576310086D821 /* DifferentTableViewCell.xib */,
				A63931E21CC3D0C90032319B /* EmailContactDetailView.swift */,
				A63931E41CC3D0DE0032319B /* EmailContactDetailView.xib */,
				A607DCB11D004589004DFE88 /* ProfileDetailHeaderTableView.swift */,
				A607DCB31D004ACD004DFE88 /* ProfileDetailHeaderView.xib */,
			);
			name = Detail;
			sourceTree = "<group>";
		};
		A69450601D0162EA00AEBE05 /* List */ = {
			isa = PBXGroup;
			children = (
				A64C016F1CBBF31D00842DC0 /* ContactTableViewCell.swift */,
				A64C01701CBBF31D00842DC0 /* ContactTableViewCell.xib */,
				A64C017F1CBEAC5D00842DC0 /* FastCallingTableViewCell.swift */,
			);
			name = List;
			sourceTree = "<group>";
		};
		A6F5F53E1D0FFB2E0081DE91 /* NecessaryNumber */ = {
			isa = PBXGroup;
			children = (
				A6F5F53F1D0FFB610081DE91 /* NecessaryNumberItem.swift */,
				A6F5F5411D0FFC3E0081DE91 /* NecessaryNumberCategory.swift */,
				A6F5F5431D0FFC810081DE91 /* NecessaryNumberCountry.swift */,
			);
			name = NecessaryNumber;
			sourceTree = "<group>";
		};
/* End PBXGroup section */

/* Begin PBXNativeTarget section */
		A64C01361CBBEC2700842DC0 /* Contact */ = {
			isa = PBXNativeTarget;
			buildConfigurationList = A64C015F1CBBEC2700842DC0 /* Build configuration list for PBXNativeTarget "Contact" */;
			buildPhases = (
				A64C01331CBBEC2700842DC0 /* Sources */,
				A64C01341CBBEC2700842DC0 /* Frameworks */,
				A64C01351CBBEC2700842DC0 /* Resources */,
			);
			buildRules = (
			);
			dependencies = (
			);
			name = Contact;
			productName = Contact;
			productReference = A64C01371CBBEC2700842DC0 /* Contact.app */;
			productType = "com.apple.product-type.application";
		};
		A64C014A1CBBEC2700842DC0 /* ContactTests */ = {
			isa = PBXNativeTarget;
			buildConfigurationList = A64C01621CBBEC2700842DC0 /* Build configuration list for PBXNativeTarget "ContactTests" */;
			buildPhases = (
				A64C01471CBBEC2700842DC0 /* Sources */,
				A64C01481CBBEC2700842DC0 /* Frameworks */,
				A64C01491CBBEC2700842DC0 /* Resources */,
			);
			buildRules = (
			);
			dependencies = (
				A64C014D1CBBEC2700842DC0 /* PBXTargetDependency */,
			);
			name = ContactTests;
			productName = ContactTests;
			productReference = A64C014B1CBBEC2700842DC0 /* ContactTests.xctest */;
			productType = "com.apple.product-type.bundle.unit-test";
		};
		A64C01551CBBEC2700842DC0 /* ContactUITests */ = {
			isa = PBXNativeTarget;
			buildConfigurationList = A64C01651CBBEC2700842DC0 /* Build configuration list for PBXNativeTarget "ContactUITests" */;
			buildPhases = (
				A64C01521CBBEC2700842DC0 /* Sources */,
				A64C01531CBBEC2700842DC0 /* Frameworks */,
				A64C01541CBBEC2700842DC0 /* Resources */,
			);
			buildRules = (
			);
			dependencies = (
				A64C01581CBBEC2700842DC0 /* PBXTargetDependency */,
			);
			name = ContactUITests;
			productName = ContactUITests;
			productReference = A64C01561CBBEC2700842DC0 /* ContactUITests.xctest */;
			productType = "com.apple.product-type.bundle.ui-testing";
		};
/* End PBXNativeTarget section */

/* Begin PBXProject section */
		A64C012F1CBBEC2700842DC0 /* Project object */ = {
			isa = PBXProject;
			attributes = {
				LastSwiftUpdateCheck = 0730;
				LastUpgradeCheck = 0730;
				ORGANIZATIONNAME = "Le Thanh Tan";
				TargetAttributes = {
					A64C01361CBBEC2700842DC0 = {
						CreatedOnToolsVersion = 7.3;
					};
					A64C014A1CBBEC2700842DC0 = {
						CreatedOnToolsVersion = 7.3;
						TestTargetID = A64C01361CBBEC2700842DC0;
					};
					A64C01551CBBEC2700842DC0 = {
						CreatedOnToolsVersion = 7.3;
						TestTargetID = A64C01361CBBEC2700842DC0;
					};
				};
			};
			buildConfigurationList = A64C01321CBBEC2700842DC0 /* Build configuration list for PBXProject "Contact" */;
			compatibilityVersion = "Xcode 3.2";
			developmentRegion = English;
			hasScannedForEncodings = 0;
			knownRegions = (
				en,
				Base,
			);
			mainGroup = A64C012E1CBBEC2700842DC0;
			productRefGroup = A64C01381CBBEC2700842DC0 /* Products */;
			projectDirPath = "";
			projectRoot = "";
			targets = (
				A64C01361CBBEC2700842DC0 /* Contact */,
				A64C014A1CBBEC2700842DC0 /* ContactTests */,
				A64C01551CBBEC2700842DC0 /* ContactUITests */,
			);
		};
/* End PBXProject section */

/* Begin PBXResourcesBuildPhase section */
		A64C01351CBBEC2700842DC0 /* Resources */ = {
			isa = PBXResourcesBuildPhase;
			buildActionMask = 2147483647;
			files = (
				A6EEEA701D1264770068D665 /* NecessaryNumberChoiceCity.xib in Resources */,
				A64C01721CBBF31D00842DC0 /* ContactTableViewCell.xib in Resources */,
				A60A1B991D06BBF600393341 /* SearchContactTableViewCell.xib in Resources */,
				A6323C6E1D0576310086D821 /* DifferentTableViewCell.xib in Resources */,
				A63931E51CC3D0DE0032319B /* EmailContactDetailView.xib in Resources */,
				A6F5F53D1D0FFAF60081DE91 /* necessaryNumber.json in Resources */,
				A6F5F54B1D103B660081DE91 /* HeaderNecessaryTableView.xib in Resources */,
				A64C01451CBBEC2700842DC0 /* LaunchScreen.storyboard in Resources */,
				A64C01421CBBEC2700842DC0 /* Assets.xcassets in Resources */,
				A607DCB41D004ACD004DFE88 /* ProfileDetailHeaderView.xib in Resources */,
				A607C9781CC16DD300F59785 /* SameCarrierTableViewCell.xib in Resources */,
				A64C01401CBBEC2700842DC0 /* Main.storyboard in Resources */,
			);
			runOnlyForDeploymentPostprocessing = 0;
		};
		A64C01491CBBEC2700842DC0 /* Resources */ = {
			isa = PBXResourcesBuildPhase;
			buildActionMask = 2147483647;
			files = (
			);
			runOnlyForDeploymentPostprocessing = 0;
		};
		A64C01541CBBEC2700842DC0 /* Resources */ = {
			isa = PBXResourcesBuildPhase;
			buildActionMask = 2147483647;
			files = (
			);
			runOnlyForDeploymentPostprocessing = 0;
		};
/* End PBXResourcesBuildPhase section */

/* Begin PBXSourcesBuildPhase section */
		A64C01331CBBEC2700842DC0 /* Sources */ = {
			isa = PBXSourcesBuildPhase;
			buildActionMask = 2147483647;
			files = (
				A64C01801CBEAC5D00842DC0 /* FastCallingTableViewCell.swift in Sources */,
				A6323C661D0194FB0086D821 /* ContactDetailModel.swift in Sources */,
				A63237641D0BE248001737B7 /* UIViewControllerExtension.swift in Sources */,
				A607DCB21D004589004DFE88 /* ProfileDetailHeaderTableView.swift in Sources */,
				A6F5F5421D0FFC3E0081DE91 /* NecessaryNumberCategory.swift in Sources */,
				A6F5F5391D0FE6A90081DE91 /* NecessaryCallViewController.swift in Sources */,
				A63931E31CC3D0C90032319B /* EmailContactDetailView.swift in Sources */,
				A60A1B981D06BBF600393341 /* SearchContactTableViewCell.swift in Sources */,
				A6F5F5491D103AE00081DE91 /* HeaderNecessaryTableView.swift in Sources */,
				A64C01831CBEAC8F00842DC0 /* FastCallingViewController.swift in Sources */,
				A6F5F5401D0FFB610081DE91 /* NecessaryNumberItem.swift in Sources */,
				A64C01711CBBF31D00842DC0 /* ContactTableViewCell.swift in Sources */,
				A64C013B1CBBEC2700842DC0 /* AppDelegate.swift in Sources */,
				A63931DE1CC256A80032319B /* ProfileDetailTableViewCell.swift in Sources */,
				A6323C6D1D0576310086D821 /* ContactDetailDifferentTableViewCell.swift in Sources */,
				A64C017A1CBCD27F00842DC0 /* ContactHelper.swift in Sources */,
				A60104FF1CBF7BC900331B49 /* UIColorExtension.swift in Sources */,
				A6323C681D0562CC0086D821 /* KeypadViewController.swift in Sources */,
				A64117F91D10D3EF00C5D9DD /* NecessaryNumberCell.swift in Sources */,
				A6F5F5441D0FFC810081DE91 /* NecessaryNumberCountry.swift in Sources */,
				A6EEEA721D1265410068D665 /* NecessaryNumberChoiceCity.swift in Sources */,
				A64C01741CBBFA6A00842DC0 /* Define.swift in Sources */,
				A607C9741CC15B3A00F59785 /* DetailContactViewController.swift in Sources */,
				A63931E11CC27FC40032319B /* UIViewExtension.swift in Sources */,
				A64C01771CBCAA6100842DC0 /* ContactModel.swift in Sources */,
				A607C9761CC16DB900F59785 /* ContactDetailSameTableViewCell.swift in Sources */,
				A67F8C3E1D094AB700011198 /* SettingViewController.swift in Sources */,
				A60A1B941D06AACD00393341 /* DeviceHelper.swift in Sources */,
				A64C016D1CBBF12500842DC0 /* ContactsViewController.swift in Sources */,
				A60A1B9B1D06BED700393341 /* ContactSearchModel.swift in Sources */,
				A63237621D0AD841001737B7 /* SettingNessaryCell.swift in Sources */,
				A6B112DD1CFEC75300BD0062 /* MyTabBarController.swift in Sources */,
			);
			runOnlyForDeploymentPostprocessing = 0;
		};
		A64C01471CBBEC2700842DC0 /* Sources */ = {
			isa = PBXSourcesBuildPhase;
			buildActionMask = 2147483647;
			files = (
				A64C01501CBBEC2700842DC0 /* ContactTests.swift in Sources */,
			);
			runOnlyForDeploymentPostprocessing = 0;
		};
		A64C01521CBBEC2700842DC0 /* Sources */ = {
			isa = PBXSourcesBuildPhase;
			buildActionMask = 2147483647;
			files = (
				A64C015B1CBBEC2700842DC0 /* ContactUITests.swift in Sources */,
			);
			runOnlyForDeploymentPostprocessing = 0;
		};
/* End PBXSourcesBuildPhase section */

/* Begin PBXTargetDependency section */
		A64C014D1CBBEC2700842DC0 /* PBXTargetDependency */ = {
			isa = PBXTargetDependency;
			target = A64C01361CBBEC2700842DC0 /* Contact */;
			targetProxy = A64C014C1CBBEC2700842DC0 /* PBXContainerItemProxy */;
		};
		A64C01581CBBEC2700842DC0 /* PBXTargetDependency */ = {
			isa = PBXTargetDependency;
			target = A64C01361CBBEC2700842DC0 /* Contact */;
			targetProxy = A64C01571CBBEC2700842DC0 /* PBXContainerItemProxy */;
		};
/* End PBXTargetDependency section */

/* Begin PBXVariantGroup section */
		A64C013E1CBBEC2700842DC0 /* Main.storyboard */ = {
			isa = PBXVariantGroup;
			children = (
				A64C013F1CBBEC2700842DC0 /* Base */,
			);
			name = Main.storyboard;
			sourceTree = "<group>";
		};
		A64C01431CBBEC2700842DC0 /* LaunchScreen.storyboard */ = {
			isa = PBXVariantGroup;
			children = (
				A64C01441CBBEC2700842DC0 /* Base */,
			);
			name = LaunchScreen.storyboard;
			sourceTree = "<group>";
		};
/* End PBXVariantGroup section */

/* Begin XCBuildConfiguration section */
		A64C015D1CBBEC2700842DC0 /* Debug */ = {
			isa = XCBuildConfiguration;
			buildSettings = {
				ALWAYS_SEARCH_USER_PATHS = NO;
				CLANG_ANALYZER_NONNULL = YES;
				CLANG_CXX_LANGUAGE_STANDARD = "gnu++0x";
				CLANG_CXX_LIBRARY = "libc++";
				CLANG_ENABLE_MODULES = YES;
				CLANG_ENABLE_OBJC_ARC = YES;
				CLANG_WARN_BOOL_CONVERSION = YES;
				CLANG_WARN_CONSTANT_CONVERSION = YES;
				CLANG_WARN_DIRECT_OBJC_ISA_USAGE = YES_ERROR;
				CLANG_WARN_EMPTY_BODY = YES;
				CLANG_WARN_ENUM_CONVERSION = YES;
				CLANG_WARN_INT_CONVERSION = YES;
				CLANG_WARN_OBJC_ROOT_CLASS = YES_ERROR;
				CLANG_WARN_UNREACHABLE_CODE = YES;
				CLANG_WARN__DUPLICATE_METHOD_MATCH = YES;
				"CODE_SIGN_IDENTITY[sdk=iphoneos*]" = "iPhone Developer";
				COPY_PHASE_STRIP = NO;
				DEBUG_INFORMATION_FORMAT = dwarf;
				ENABLE_STRICT_OBJC_MSGSEND = YES;
				ENABLE_TESTABILITY = YES;
				GCC_C_LANGUAGE_STANDARD = gnu99;
				GCC_DYNAMIC_NO_PIC = NO;
				GCC_NO_COMMON_BLOCKS = YES;
				GCC_OPTIMIZATION_LEVEL = 0;
				GCC_PREPROCESSOR_DEFINITIONS = (
					"DEBUG=1",
					"$(inherited)",
				);
				GCC_WARN_64_TO_32_BIT_CONVERSION = YES;
				GCC_WARN_ABOUT_RETURN_TYPE = YES_ERROR;
				GCC_WARN_UNDECLARED_SELECTOR = YES;
				GCC_WARN_UNINITIALIZED_AUTOS = YES_AGGRESSIVE;
				GCC_WARN_UNUSED_FUNCTION = YES;
				GCC_WARN_UNUSED_VARIABLE = YES;
				IPHONEOS_DEPLOYMENT_TARGET = 9.3;
				MTL_ENABLE_DEBUG_INFO = YES;
				ONLY_ACTIVE_ARCH = YES;
				SDKROOT = iphoneos;
				SWIFT_OPTIMIZATION_LEVEL = "-Onone";
				TARGETED_DEVICE_FAMILY = "1,2";
			};
			name = Debug;
		};
		A64C015E1CBBEC2700842DC0 /* Release */ = {
			isa = XCBuildConfiguration;
			buildSettings = {
				ALWAYS_SEARCH_USER_PATHS = NO;
				CLANG_ANALYZER_NONNULL = YES;
				CLANG_CXX_LANGUAGE_STANDARD = "gnu++0x";
				CLANG_CXX_LIBRARY = "libc++";
				CLANG_ENABLE_MODULES = YES;
				CLANG_ENABLE_OBJC_ARC = YES;
				CLANG_WARN_BOOL_CONVERSION = YES;
				CLANG_WARN_CONSTANT_CONVERSION = YES;
				CLANG_WARN_DIRECT_OBJC_ISA_USAGE = YES_ERROR;
				CLANG_WARN_EMPTY_BODY = YES;
				CLANG_WARN_ENUM_CONVERSION = YES;
				CLANG_WARN_INT_CONVERSION = YES;
				CLANG_WARN_OBJC_ROOT_CLASS = YES_ERROR;
				CLANG_WARN_UNREACHABLE_CODE = YES;
				CLANG_WARN__DUPLICATE_METHOD_MATCH = YES;
				"CODE_SIGN_IDENTITY[sdk=iphoneos*]" = "iPhone Developer";
				COPY_PHASE_STRIP = NO;
				DEBUG_INFORMATION_FORMAT = "dwarf-with-dsym";
				ENABLE_NS_ASSERTIONS = NO;
				ENABLE_STRICT_OBJC_MSGSEND = YES;
				GCC_C_LANGUAGE_STANDARD = gnu99;
				GCC_NO_COMMON_BLOCKS = YES;
				GCC_WARN_64_TO_32_BIT_CONVERSION = YES;
				GCC_WARN_ABOUT_RETURN_TYPE = YES_ERROR;
				GCC_WARN_UNDECLARED_SELECTOR = YES;
				GCC_WARN_UNINITIALIZED_AUTOS = YES_AGGRESSIVE;
				GCC_WARN_UNUSED_FUNCTION = YES;
				GCC_WARN_UNUSED_VARIABLE = YES;
				IPHONEOS_DEPLOYMENT_TARGET = 9.3;
				MTL_ENABLE_DEBUG_INFO = NO;
				SDKROOT = iphoneos;
				TARGETED_DEVICE_FAMILY = "1,2";
				VALIDATE_PRODUCT = YES;
			};
			name = Release;
		};
		A64C01601CBBEC2700842DC0 /* Debug */ = {
			isa = XCBuildConfiguration;
			buildSettings = {
				ASSETCATALOG_COMPILER_APPICON_NAME = AppIcon;
				CODE_SIGN_IDENTITY = "iPhone Developer";
				"CODE_SIGN_IDENTITY[sdk=iphoneos*]" = "iPhone Developer";
				INFOPLIST_FILE = Contact/Info.plist;
				IPHONEOS_DEPLOYMENT_TARGET = 9.0;
				LD_RUNPATH_SEARCH_PATHS = "$(inherited) @executable_path/Frameworks";
				PRODUCT_BUNDLE_IDENTIFIER = com.superapp.goinoimangsieukhuyenmaiviettelvinaphonemobifone;
				PRODUCT_NAME = "$(TARGET_NAME)";
				PROVISIONING_PROFILE = "";
				TARGETED_DEVICE_FAMILY = 1;
			};
			name = Debug;
		};
		A64C01611CBBEC2700842DC0 /* Release */ = {
			isa = XCBuildConfiguration;
			buildSettings = {
				ASSETCATALOG_COMPILER_APPICON_NAME = AppIcon;
				CODE_SIGN_IDENTITY = "iPhone Developer";
				"CODE_SIGN_IDENTITY[sdk=iphoneos*]" = "iPhone Developer";
				INFOPLIST_FILE = Contact/Info.plist;
				IPHONEOS_DEPLOYMENT_TARGET = 9.0;
				LD_RUNPATH_SEARCH_PATHS = "$(inherited) @executable_path/Frameworks";
				PRODUCT_BUNDLE_IDENTIFIER = com.superapp.goinoimangsieukhuyenmaiviettelvinaphonemobifone;
				PRODUCT_NAME = "$(TARGET_NAME)";
				PROVISIONING_PROFILE = "";
				TARGETED_DEVICE_FAMILY = 1;
			};
			name = Release;
		};
		A64C01631CBBEC2700842DC0 /* Debug */ = {
			isa = XCBuildConfiguration;
			buildSettings = {
				BUNDLE_LOADER = "$(TEST_HOST)";
				INFOPLIST_FILE = ContactTests/Info.plist;
				LD_RUNPATH_SEARCH_PATHS = "$(inherited) @executable_path/Frameworks @loader_path/Frameworks";
				PRODUCT_BUNDLE_IDENTIFIER = com.supercoolapps.ContactTests;
				PRODUCT_NAME = "$(TARGET_NAME)";
				TEST_HOST = "$(BUILT_PRODUCTS_DIR)/Contact.app/Contact";
			};
			name = Debug;
		};
		A64C01641CBBEC2700842DC0 /* Release */ = {
			isa = XCBuildConfiguration;
			buildSettings = {
				BUNDLE_LOADER = "$(TEST_HOST)";
				INFOPLIST_FILE = ContactTests/Info.plist;
				LD_RUNPATH_SEARCH_PATHS = "$(inherited) @executable_path/Frameworks @loader_path/Frameworks";
				PRODUCT_BUNDLE_IDENTIFIER = com.supercoolapps.ContactTests;
				PRODUCT_NAME = "$(TARGET_NAME)";
				TEST_HOST = "$(BUILT_PRODUCTS_DIR)/Contact.app/Contact";
			};
			name = Release;
		};
		A64C01661CBBEC2700842DC0 /* Debug */ = {
			isa = XCBuildConfiguration;
			buildSettings = {
				INFOPLIST_FILE = ContactUITests/Info.plist;
				LD_RUNPATH_SEARCH_PATHS = "$(inherited) @executable_path/Frameworks @loader_path/Frameworks";
				PRODUCT_BUNDLE_IDENTIFIER = com.supercoolapps.ContactUITests;
				PRODUCT_NAME = "$(TARGET_NAME)";
				TEST_TARGET_NAME = Contact;
			};
			name = Debug;
		};
		A64C01671CBBEC2700842DC0 /* Release */ = {
			isa = XCBuildConfiguration;
			buildSettings = {
				INFOPLIST_FILE = ContactUITests/Info.plist;
				LD_RUNPATH_SEARCH_PATHS = "$(inherited) @executable_path/Frameworks @loader_path/Frameworks";
				PRODUCT_BUNDLE_IDENTIFIER = com.supercoolapps.ContactUITests;
				PRODUCT_NAME = "$(TARGET_NAME)";
				TEST_TARGET_NAME = Contact;
			};
			name = Release;
		};
/* End XCBuildConfiguration section */

/* Begin XCConfigurationList section */
		A64C01321CBBEC2700842DC0 /* Build configuration list for PBXProject "Contact" */ = {
			isa = XCConfigurationList;
			buildConfigurations = (
				A64C015D1CBBEC2700842DC0 /* Debug */,
				A64C015E1CBBEC2700842DC0 /* Release */,
			);
			defaultConfigurationIsVisible = 0;
			defaultConfigurationName = Release;
		};
		A64C015F1CBBEC2700842DC0 /* Build configuration list for PBXNativeTarget "Contact" */ = {
			isa = XCConfigurationList;
			buildConfigurations = (
				A64C01601CBBEC2700842DC0 /* Debug */,
				A64C01611CBBEC2700842DC0 /* Release */,
			);
			defaultConfigurationIsVisible = 0;
			defaultConfigurationName = Release;
		};
		A64C01621CBBEC2700842DC0 /* Build configuration list for PBXNativeTarget "ContactTests" */ = {
			isa = XCConfigurationList;
			buildConfigurations = (
				A64C01631CBBEC2700842DC0 /* Debug */,
				A64C01641CBBEC2700842DC0 /* Release */,
			);
			defaultConfigurationIsVisible = 0;
			defaultConfigurationName = Release;
		};
		A64C01651CBBEC2700842DC0 /* Build configuration list for PBXNativeTarget "ContactUITests" */ = {
			isa = XCConfigurationList;
			buildConfigurations = (
				A64C01661CBBEC2700842DC0 /* Debug */,
				A64C01671CBBEC2700842DC0 /* Release */,
			);
			defaultConfigurationIsVisible = 0;
			defaultConfigurationName = Release;
		};
/* End XCConfigurationList section */
	};
	rootObject = A64C012F1CBBEC2700842DC0 /* Project object */;
}
